
Microsoft Visual Studio Solution File, Format Version 12.00
# Visual Studio 15
VisualStudioVersion = 15.0.27004.2005
MinimumVisualStudioVersion = 10.0.40219.1
Project("{FAE04EC0-301F-11D3-BF4B-00C04F79EFBC}") = "Practica9.Android", "Practica9\Practica9.Android\Practica9.Android.csproj", "{12E47DE4-88A4-4A13-8A63-C76F71FF3319}"
EndProject
Project("{FAE04EC0-301F-11D3-BF4B-00C04F79EFBC}") = "Practica9", "Practica9\Practica9\Practica9.csproj", "{CB617800-B788-40BA-A99F-EAF330EA0724}"
EndProject
Project("{FAE04EC0-301F-11D3-BF4B-00C04F79EFBC}") = "Practica9.UWP", "Practica9\Practica9.UWP\Practica9.UWP.csproj", "{1C2C44B2-7CB9-4CFC-B36C-8C9937D45F90}"
EndProject
Project("{FAE04EC0-301F-11D3-BF4B-00C04F79EFBC}") = "Practica9.iOS", "Practica9\Practica9.iOS\Practica9.iOS.csproj", "{8367CB21-07C9-4C22-B250-DBB3A6342D12}"
EndProject
Global
	GlobalSection(SolutionConfigurationPlatforms) = preSolution
		Ad-Hoc|Any CPU = Ad-Hoc|Any CPU
		Ad-Hoc|ARM = Ad-Hoc|ARM
		Ad-Hoc|iPhone = Ad-Hoc|iPhone
		Ad-Hoc|iPhoneSimulator = Ad-Hoc|iPhoneSimulator
		Ad-Hoc|x64 = Ad-Hoc|x64
		Ad-Hoc|x86 = Ad-Hoc|x86
		AppStore|Any CPU = AppStore|Any CPU
		AppStore|ARM = AppStore|ARM
		AppStore|iPhone = AppStore|iPhone
		AppStore|iPhoneSimulator = AppStore|iPhoneSimulator
		AppStore|x64 = AppStore|x64
		AppStore|x86 = AppStore|x86
		Debug|Any CPU = Debug|Any CPU
		Debug|ARM = Debug|ARM
		Debug|iPhone = Debug|iPhone
		Debug|iPhoneSimulator = Debug|iPhoneSimulator
		Debug|x64 = Debug|x64
		Debug|x86 = Debug|x86
		Release|Any CPU = Release|Any CPU
		Release|ARM = Release|ARM
		Release|iPhone = Release|iPhone
		Release|iPhoneSimulator = Release|iPhoneSimulator
		Release|x64 = Release|x64
		Release|x86 = Release|x86
	EndGlobalSection
	GlobalSection(ProjectConfigurationPlatforms) = postSolution
		{12E47DE4-88A4-4A13-8A63-C76F71FF3319}.Ad-Hoc|Any CPU.ActiveCfg = Release|Any CPU
		{12E47DE4-88A4-4A13-8A63-C76F71FF3319}.Ad-Hoc|Any CPU.Build.0 = Release|Any CPU
		{12E47DE4-88A4-4A13-8A63-C76F71FF3319}.Ad-Hoc|Any CPU.Deploy.0 = Release|Any CPU
		{12E47DE4-88A4-4A13-8A63-C76F71FF3319}.Ad-Hoc|ARM.ActiveCfg = Release|Any CPU
		{12E47DE4-88A4-4A13-8A63-C76F71FF3319}.Ad-Hoc|ARM.Build.0 = Release|Any CPU
		{12E47DE4-88A4-4A13-8A63-C76F71FF3319}.Ad-Hoc|ARM.Deploy.0 = Release|Any CPU
		{12E47DE4-88A4-4A13-8A63-C76F71FF3319}.Ad-Hoc|iPhone.ActiveCfg = Release|Any CPU
		{12E47DE4-88A4-4A13-8A63-C76F71FF3319}.Ad-Hoc|iPhone.Build.0 = Release|Any CPU
		{12E47DE4-88A4-4A13-8A63-C76F71FF3319}.Ad-Hoc|iPhone.Deploy.0 = Release|Any CPU
		{12E47DE4-88A4-4A13-8A63-C76F71FF3319}.Ad-Hoc|iPhoneSimulator.ActiveCfg = Release|Any CPU
		{12E47DE4-88A4-4A13-8A63-C76F71FF3319}.Ad-Hoc|iPhoneSimulator.Build.0 = Release|Any CPU
		{12E47DE4-88A4-4A13-8A63-C76F71FF3319}.Ad-Hoc|iPhoneSimulator.Deploy.0 = Release|Any CPU
		{12E47DE4-88A4-4A13-8A63-C76F71FF3319}.Ad-Hoc|x64.ActiveCfg = Release|Any CPU
		{12E47DE4-88A4-4A13-8A63-C76F71FF3319}.Ad-Hoc|x64.Build.0 = Release|Any CPU
		{12E47DE4-88A4-4A13-8A63-C76F71FF3319}.Ad-Hoc|x64.Deploy.0 = Release|Any CPU
		{12E47DE4-88A4-4A13-8A63-C76F71FF3319}.Ad-Hoc|x86.ActiveCfg = Release|Any CPU
		{12E47DE4-88A4-4A13-8A63-C76F71FF3319}.Ad-Hoc|x86.Build.0 = Release|Any CPU
		{12E47DE4-88A4-4A13-8A63-C76F71FF3319}.Ad-Hoc|x86.Deploy.0 = Release|Any CPU
		{12E47DE4-88A4-4A13-8A63-C76F71FF3319}.AppStore|Any CPU.ActiveCfg = Release|Any CPU
		{12E47DE4-88A4-4A13-8A63-C76F71FF3319}.AppStore|Any CPU.Build.0 = Release|Any CPU
		{12E47DE4-88A4-4A13-8A63-C76F71FF3319}.AppStore|Any CPU.Deploy.0 = Release|Any CPU
		{12E47DE4-88A4-4A13-8A63-C76F71FF3319}.AppStore|ARM.ActiveCfg = Release|Any CPU
		{12E47DE4-88A4-4A13-8A63-C76F71FF3319}.AppStore|ARM.Build.0 = Release|Any CPU
		{12E47DE4-88A4-4A13-8A63-C76F71FF3319}.AppStore|ARM.Deploy.0 = Release|Any CPU
		{12E47DE4-88A4-4A13-8A63-C76F71FF3319}.AppStore|iPhone.ActiveCfg = Release|Any CPU
		{12E47DE4-88A4-4A13-8A63-C76F71FF3319}.AppStore|iPhone.Build.0 = Release|Any CPU
		{12E47DE4-88A4-4A13-8A63-C76F71FF3319}.AppStore|iPhone.Deploy.0 = Release|Any CPU
		{12E47DE4-88A4-4A13-8A63-C76F71FF3319}.AppStore|iPhoneSimulator.ActiveCfg = Release|Any CPU
		{12E47DE4-88A4-4A13-8A63-C76F71FF3319}.AppStore|iPhoneSimulator.Build.0 = Release|Any CPU
		{12E47DE4-88A4-4A13-8A63-C76F71FF3319}.AppStore|iPhoneSimulator.Deploy.0 = Release|Any CPU
		{12E47DE4-88A4-4A13-8A63-C76F71FF3319}.AppStore|x64.ActiveCfg = Release|Any CPU
		{12E47DE4-88A4-4A13-8A63-C76F71FF3319}.AppStore|x64.Build.0 = Release|Any CPU
		{12E47DE4-88A4-4A13-8A63-C76F71FF3319}.AppStore|x64.Deploy.0 = Release|Any CPU
		{12E47DE4-88A4-4A13-8A63-C76F71FF3319}.AppStore|x86.ActiveCfg = Release|Any CPU
		{12E47DE4-88A4-4A13-8A63-C76F71FF3319}.AppStore|x86.Build.0 = Release|Any CPU
		{12E47DE4-88A4-4A13-8A63-C76F71FF3319}.AppStore|x86.Deploy.0 = Release|Any CPU
		{12E47DE4-88A4-4A13-8A63-C76F71FF3319}.Debug|Any CPU.ActiveCfg = Debug|Any CPU
		{12E47DE4-88A4-4A13-8A63-C76F71FF3319}.Debug|Any CPU.Build.0 = Debug|Any CPU
		{12E47DE4-88A4-4A13-8A63-C76F71FF3319}.Debug|Any CPU.Deploy.0 = Debug|Any CPU
		{12E47DE4-88A4-4A13-8A63-C76F71FF3319}.Debug|ARM.ActiveCfg = Debug|Any CPU
		{12E47DE4-88A4-4A13-8A63-C76F71FF3319}.Debug|ARM.Build.0 = Debug|Any CPU
		{12E47DE4-88A4-4A13-8A63-C76F71FF3319}.Debug|ARM.Deploy.0 = Debug|Any CPU
		{12E47DE4-88A4-4A13-8A63-C76F71FF3319}.Debug|iPhone.ActiveCfg = Debug|Any CPU
		{12E47DE4-88A4-4A13-8A63-C76F71FF3319}.Debug|iPhone.Build.0 = Debug|Any CPU
		{12E47DE4-88A4-4A13-8A63-C76F71FF3319}.Debug|iPhone.Deploy.0 = Debug|Any CPU
		{12E47DE4-88A4-4A13-8A63-C76F71FF3319}.Debug|iPhoneSimulator.ActiveCfg = Debug|Any CPU
		{12E47DE4-88A4-4A13-8A63-C76F71FF3319}.Debug|iPhoneSimulator.Build.0 = Debug|Any CPU
		{12E47DE4-88A4-4A13-8A63-C76F71FF3319}.Debug|iPhoneSimulator.Deploy.0 = Debug|Any CPU
		{12E47DE4-88A4-4A13-8A63-C76F71FF3319}.Debug|x64.ActiveCfg = Debug|Any CPU
		{12E47DE4-88A4-4A13-8A63-C76F71FF3319}.Debug|x64.Build.0 = Debug|Any CPU
		{12E47DE4-88A4-4A13-8A63-C76F71FF3319}.Debug|x64.Deploy.0 = Debug|Any CPU
		{12E47DE4-88A4-4A13-8A63-C76F71FF3319}.Debug|x86.ActiveCfg = Debug|Any CPU
		{12E47DE4-88A4-4A13-8A63-C76F71FF3319}.Debug|x86.Build.0 = Debug|Any CPU
		{12E47DE4-88A4-4A13-8A63-C76F71FF3319}.Debug|x86.Deploy.0 = Debug|Any CPU
		{12E47DE4-88A4-4A13-8A63-C76F71FF3319}.Release|Any CPU.ActiveCfg = Release|Any CPU
		{12E47DE4-88A4-4A13-8A63-C76F71FF3319}.Release|Any CPU.Build.0 = Release|Any CPU
		{12E47DE4-88A4-4A13-8A63-C76F71FF3319}.Release|Any CPU.Deploy.0 = Release|Any CPU
		{12E47DE4-88A4-4A13-8A63-C76F71FF3319}.Release|ARM.ActiveCfg = Release|Any CPU
		{12E47DE4-88A4-4A13-8A63-C76F71FF3319}.Release|ARM.Build.0 = Release|Any CPU
		{12E47DE4-88A4-4A13-8A63-C76F71FF3319}.Release|ARM.Deploy.0 = Release|Any CPU
		{12E47DE4-88A4-4A13-8A63-C76F71FF3319}.Release|iPhone.ActiveCfg = Release|Any CPU
		{12E47DE4-88A4-4A13-8A63-C76F71FF3319}.Release|iPhone.Build.0 = Release|Any CPU
		{12E47DE4-88A4-4A13-8A63-C76F71FF3319}.Release|iPhone.Deploy.0 = Release|Any CPU
		{12E47DE4-88A4-4A13-8A63-C76F71FF3319}.Release|iPhoneSimulator.ActiveCfg = Release|Any CPU
		{12E47DE4-88A4-4A13-8A63-C76F71FF3319}.Release|iPhoneSimulator.Build.0 = Release|Any CPU
		{12E47DE4-88A4-4A13-8A63-C76F71FF3319}.Release|iPhoneSimulator.Deploy.0 = Release|Any CPU
		{12E47DE4-88A4-4A13-8A63-C76F71FF3319}.Release|x64.ActiveCfg = Release|Any CPU
		{12E47DE4-88A4-4A13-8A63-C76F71FF3319}.Release|x64.Build.0 = Release|Any CPU
		{12E47DE4-88A4-4A13-8A63-C76F71FF3319}.Release|x64.Deploy.0 = Release|Any CPU
		{12E47DE4-88A4-4A13-8A63-C76F71FF3319}.Release|x86.ActiveCfg = Release|Any CPU
		{12E47DE4-88A4-4A13-8A63-C76F71FF3319}.Release|x86.Build.0 = Release|Any CPU
		{12E47DE4-88A4-4A13-8A63-C76F71FF3319}.Release|x86.Deploy.0 = Release|Any CPU
		{CB617800-B788-40BA-A99F-EAF330EA0724}.Ad-Hoc|Any CPU.ActiveCfg = Release|Any CPU
		{CB617800-B788-40BA-A99F-EAF330EA0724}.Ad-Hoc|Any CPU.Build.0 = Release|Any CPU
		{CB617800-B788-40BA-A99F-EAF330EA0724}.Ad-Hoc|ARM.ActiveCfg = Release|Any CPU
		{CB617800-B788-40BA-A99F-EAF330EA0724}.Ad-Hoc|ARM.Build.0 = Release|Any CPU
		{CB617800-B788-40BA-A99F-EAF330EA0724}.Ad-Hoc|iPhone.ActiveCfg = Release|Any CPU
		{CB617800-B788-40BA-A99F-EAF330EA0724}.Ad-Hoc|iPhone.Build.0 = Release|Any CPU
		{CB617800-B788-40BA-A99F-EAF330EA0724}.Ad-Hoc|iPhoneSimulator.ActiveCfg = Release|Any CPU
		{CB617800-B788-40BA-A99F-EAF330EA0724}.Ad-Hoc|iPhoneSimulator.Build.0 = Release|Any CPU
		{CB617800-B788-40BA-A99F-EAF330EA0724}.Ad-Hoc|x64.ActiveCfg = Release|Any CPU
		{CB617800-B788-40BA-A99F-EAF330EA0724}.Ad-Hoc|x64.Build.0 = Release|Any CPU
		{CB617800-B788-40BA-A99F-EAF330EA0724}.Ad-Hoc|x86.ActiveCfg = Release|Any CPU
		{CB617800-B788-40BA-A99F-EAF330EA0724}.Ad-Hoc|x86.Build.0 = Release|Any CPU
		{CB617800-B788-40BA-A99F-EAF330EA0724}.AppStore|Any CPU.ActiveCfg = Release|Any CPU
		{CB617800-B788-40BA-A99F-EAF330EA0724}.AppStore|Any CPU.Build.0 = Release|Any CPU
		{CB617800-B788-40BA-A99F-EAF330EA0724}.AppStore|ARM.ActiveCfg = Release|Any CPU
		{CB617800-B788-40BA-A99F-EAF330EA0724}.AppStore|ARM.Build.0 = Release|Any CPU
		{CB617800-B788-40BA-A99F-EAF330EA0724}.AppStore|iPhone.ActiveCfg = Release|Any CPU
		{CB617800-B788-40BA-A99F-EAF330EA0724}.AppStore|iPhone.Build.0 = Release|Any CPU
		{CB617800-B788-40BA-A99F-EAF330EA0724}.AppStore|iPhoneSimulator.ActiveCfg = Release|Any CPU
		{CB617800-B788-40BA-A99F-EAF330EA0724}.AppStore|iPhoneSimulator.Build.0 = Release|Any CPU
		{CB617800-B788-40BA-A99F-EAF330EA0724}.AppStore|x64.ActiveCfg = Release|Any CPU
		{CB617800-B788-40BA-A99F-EAF330EA0724}.AppStore|x64.Build.0 = Release|Any CPU
		{CB617800-B788-40BA-A99F-EAF330EA0724}.AppStore|x86.ActiveCfg = Release|Any CPU
		{CB617800-B788-40BA-A99F-EAF330EA0724}.AppStore|x86.Build.0 = Release|Any CPU
		{CB617800-B788-40BA-A99F-EAF330EA0724}.Debug|Any CPU.ActiveCfg = Debug|Any CPU
		{CB617800-B788-40BA-A99F-EAF330EA0724}.Debug|Any CPU.Build.0 = Debug|Any CPU
		{CB617800-B788-40BA-A99F-EAF330EA0724}.Debug|ARM.ActiveCfg = Debug|Any CPU
		{CB617800-B788-40BA-A99F-EAF330EA0724}.Debug|ARM.Build.0 = Debug|Any CPU
		{CB617800-B788-40BA-A99F-EAF330EA0724}.Debug|iPhone.ActiveCfg = Debug|Any CPU
		{CB617800-B788-40BA-A99F-EAF330EA0724}.Debug|iPhone.Build.0 = Debug|Any CPU
		{CB617800-B788-40BA-A99F-EAF330EA0724}.Debug|iPhoneSimulator.ActiveCfg = Debug|Any CPU
		{CB617800-B788-40BA-A99F-EAF330EA0724}.Debug|iPhoneSimulator.Build.0 = Debug|Any CPU
		{CB617800-B788-40BA-A99F-EAF330EA0724}.Debug|x64.ActiveCfg = Debug|Any CPU
		{CB617800-B788-40BA-A99F-EAF330EA0724}.Debug|x64.Build.0 = Debug|Any CPU
		{CB617800-B788-40BA-A99F-EAF330EA0724}.Debug|x86.ActiveCfg = Debug|Any CPU
		{CB617800-B788-40BA-A99F-EAF330EA0724}.Debug|x86.Build.0 = Debug|Any CPU
		{CB617800-B788-40BA-A99F-EAF330EA0724}.Release|Any CPU.ActiveCfg = Release|Any CPU
		{CB617800-B788-40BA-A99F-EAF330EA0724}.Release|Any CPU.Build.0 = Release|Any CPU
		{CB617800-B788-40BA-A99F-EAF330EA0724}.Release|ARM.ActiveCfg = Release|Any CPU
		{CB617800-B788-40BA-A99F-EAF330EA0724}.Release|ARM.Build.0 = Release|Any CPU
		{CB617800-B788-40BA-A99F-EAF330EA0724}.Release|iPhone.ActiveCfg = Release|Any CPU
		{CB617800-B788-40BA-A99F-EAF330EA0724}.Release|iPhone.Build.0 = Release|Any CPU
		{CB617800-B788-40BA-A99F-EAF330EA0724}.Release|iPhoneSimulator.ActiveCfg = Release|Any CPU
		{CB617800-B788-40BA-A99F-EAF330EA0724}.Release|iPhoneSimulator.Build.0 = Release|Any CPU
		{CB617800-B788-40BA-A99F-EAF330EA0724}.Release|x64.ActiveCfg = Release|Any CPU
		{CB617800-B788-40BA-A99F-EAF330EA0724}.Release|x64.Build.0 = Release|Any CPU
		{CB617800-B788-40BA-A99F-EAF330EA0724}.Release|x86.ActiveCfg = Release|Any CPU
		{CB617800-B788-40BA-A99F-EAF330EA0724}.Release|x86.Build.0 = Release|Any CPU
		{1C2C44B2-7CB9-4CFC-B36C-8C9937D45F90}.Ad-Hoc|Any CPU.ActiveCfg = Release|x86
		{1C2C44B2-7CB9-4CFC-B36C-8C9937D45F90}.Ad-Hoc|Any CPU.Build.0 = Release|x86
		{1C2C44B2-7CB9-4CFC-B36C-8C9937D45F90}.Ad-Hoc|Any CPU.Deploy.0 = Release|x86
		{1C2C44B2-7CB9-4CFC-B36C-8C9937D45F90}.Ad-Hoc|ARM.ActiveCfg = Release|ARM
		{1C2C44B2-7CB9-4CFC-B36C-8C9937D45F90}.Ad-Hoc|ARM.Build.0 = Release|ARM
		{1C2C44B2-7CB9-4CFC-B36C-8C9937D45F90}.Ad-Hoc|ARM.Deploy.0 = Release|ARM
		{1C2C44B2-7CB9-4CFC-B36C-8C9937D45F90}.Ad-Hoc|iPhone.ActiveCfg = Release|x86
		{1C2C44B2-7CB9-4CFC-B36C-8C9937D45F90}.Ad-Hoc|iPhone.Build.0 = Release|x86
		{1C2C44B2-7CB9-4CFC-B36C-8C9937D45F90}.Ad-Hoc|iPhone.Deploy.0 = Release|x86
		{1C2C44B2-7CB9-4CFC-B36C-8C9937D45F90}.Ad-Hoc|iPhoneSimulator.ActiveCfg = Release|x86
		{1C2C44B2-7CB9-4CFC-B36C-8C9937D45F90}.Ad-Hoc|iPhoneSimulator.Build.0 = Release|x86
		{1C2C44B2-7CB9-4CFC-B36C-8C9937D45F90}.Ad-Hoc|iPhoneSimulator.Deploy.0 = Release|x86
		{1C2C44B2-7CB9-4CFC-B36C-8C9937D45F90}.Ad-Hoc|x64.ActiveCfg = Release|x64
		{1C2C44B2-7CB9-4CFC-B36C-8C9937D45F90}.Ad-Hoc|x64.Build.0 = Release|x64
		{1C2C44B2-7CB9-4CFC-B36C-8C9937D45F90}.Ad-Hoc|x64.Deploy.0 = Release|x64
		{1C2C44B2-7CB9-4CFC-B36C-8C9937D45F90}.Ad-Hoc|x86.ActiveCfg = Release|x86
		{1C2C44B2-7CB9-4CFC-B36C-8C9937D45F90}.Ad-Hoc|x86.Build.0 = Release|x86
		{1C2C44B2-7CB9-4CFC-B36C-8C9937D45F90}.Ad-Hoc|x86.Deploy.0 = Release|x86
		{1C2C44B2-7CB9-4CFC-B36C-8C9937D45F90}.AppStore|Any CPU.ActiveCfg = Release|x86
		{1C2C44B2-7CB9-4CFC-B36C-8C9937D45F90}.AppStore|Any CPU.Build.0 = Release|x86
		{1C2C44B2-7CB9-4CFC-B36C-8C9937D45F90}.AppStore|Any CPU.Deploy.0 = Release|x86
		{1C2C44B2-7CB9-4CFC-B36C-8C9937D45F90}.AppStore|ARM.ActiveCfg = Release|ARM
		{1C2C44B2-7CB9-4CFC-B36C-8C9937D45F90}.AppStore|ARM.Build.0 = Release|ARM
		{1C2C44B2-7CB9-4CFC-B36C-8C9937D45F90}.AppStore|ARM.Deploy.0 = Release|ARM
		{1C2C44B2-7CB9-4CFC-B36C-8C9937D45F90}.AppStore|iPhone.ActiveCfg = Release|x86
		{1C2C44B2-7CB9-4CFC-B36C-8C9937D45F90}.AppStore|iPhone.Build.0 = Release|x86
		{1C2C44B2-7CB9-4CFC-B36C-8C9937D45F90}.AppStore|iPhone.Deploy.0 = Release|x86
		{1C2C44B2-7CB9-4CFC-B36C-8C9937D45F90}.AppStore|iPhoneSimulator.ActiveCfg = Release|x86
		{1C2C44B2-7CB9-4CFC-B36C-8C9937D45F90}.AppStore|iPhoneSimulator.Build.0 = Release|x86
		{1C2C44B2-7CB9-4CFC-B36C-8C9937D45F90}.AppStore|iPhoneSimulator.Deploy.0 = Release|x86
		{1C2C44B2-7CB9-4CFC-B36C-8C9937D45F90}.AppStore|x64.ActiveCfg = Release|x64
		{1C2C44B2-7CB9-4CFC-B36C-8C9937D45F90}.AppStore|x64.Build.0 = Release|x64
		{1C2C44B2-7CB9-4CFC-B36C-8C9937D45F90}.AppStore|x64.Deploy.0 = Release|x64
		{1C2C44B2-7CB9-4CFC-B36C-8C9937D45F90}.AppStore|x86.ActiveCfg = Release|x86
		{1C2C44B2-7CB9-4CFC-B36C-8C9937D45F90}.AppStore|x86.Build.0 = Release|x86
		{1C2C44B2-7CB9-4CFC-B36C-8C9937D45F90}.AppStore|x86.Deploy.0 = Release|x86
		{1C2C44B2-7CB9-4CFC-B36C-8C9937D45F90}.Debug|Any CPU.ActiveCfg = Debug|x86
		{1C2C44B2-7CB9-4CFC-B36C-8C9937D45F90}.Debug|ARM.ActiveCfg = Debug|ARM
		{1C2C44B2-7CB9-4CFC-B36C-8C9937D45F90}.Debug|ARM.Build.0 = Debug|ARM
		{1C2C44B2-7CB9-4CFC-B36C-8C9937D45F90}.Debug|ARM.Deploy.0 = Debug|ARM
		{1C2C44B2-7CB9-4CFC-B36C-8C9937D45F90}.Debug|iPhone.ActiveCfg = Debug|x86
		{1C2C44B2-7CB9-4CFC-B36C-8C9937D45F90}.Debug|iPhoneSimulator.ActiveCfg = Debug|x86
		{1C2C44B2-7CB9-4CFC-B36C-8C9937D45F90}.Debug|x64.ActiveCfg = Debug|x64
		{1C2C44B2-7CB9-4CFC-B36C-8C9937D45F90}.Debug|x64.Build.0 = Debug|x64
		{1C2C44B2-7CB9-4CFC-B36C-8C9937D45F90}.Debug|x64.Deploy.0 = Debug|x64
		{1C2C44B2-7CB9-4CFC-B36C-8C9937D45F90}.Debug|x86.ActiveCfg = Debug|x86
		{1C2C44B2-7CB9-4CFC-B36C-8C9937D45F90}.Debug|x86.Build.0 = Debug|x86
		{1C2C44B2-7CB9-4CFC-B36C-8C9937D45F90}.Debug|x86.Deploy.0 = Debug|x86
		{1C2C44B2-7CB9-4CFC-B36C-8C9937D45F90}.Release|Any CPU.ActiveCfg = Release|x86
		{1C2C44B2-7CB9-4CFC-B36C-8C9937D45F90}.Release|ARM.ActiveCfg = Release|ARM
		{1C2C44B2-7CB9-4CFC-B36C-8C9937D45F90}.Release|ARM.Build.0 = Release|ARM
		{1C2C44B2-7CB9-4CFC-B36C-8C9937D45F90}.Release|ARM.Deploy.0 = Release|ARM
		{1C2C44B2-7CB9-4CFC-B36C-8C9937D45F90}.Release|iPhone.ActiveCfg = Release|x86
		{1C2C44B2-7CB9-4CFC-B36C-8C9937D45F90}.Release|iPhoneSimulator.ActiveCfg = Release|x86
		{1C2C44B2-7CB9-4CFC-B36C-8C9937D45F90}.Release|x64.ActiveCfg = Release|x64
		{1C2C44B2-7CB9-4CFC-B36C-8C9937D45F90}.Release|x64.Build.0 = Release|x64
		{1C2C44B2-7CB9-4CFC-B36C-8C9937D45F90}.Release|x64.Deploy.0 = Release|x64
		{1C2C44B2-7CB9-4CFC-B36C-8C9937D45F90}.Release|x86.ActiveCfg = Release|x86
		{1C2C44B2-7CB9-4CFC-B36C-8C9937D45F90}.Release|x86.Build.0 = Release|x86
		{1C2C44B2-7CB9-4CFC-B36C-8C9937D45F90}.Release|x86.Deploy.0 = Release|x86
		{8367CB21-07C9-4C22-B250-DBB3A6342D12}.Ad-Hoc|Any CPU.ActiveCfg = Ad-Hoc|iPhoneSimulator
		{8367CB21-07C9-4C22-B250-DBB3A6342D12}.Ad-Hoc|ARM.ActiveCfg = Ad-Hoc|iPhone
		{8367CB21-07C9-4C22-B250-DBB3A6342D12}.Ad-Hoc|iPhone.ActiveCfg = Ad-Hoc|iPhone
		{8367CB21-07C9-4C22-B250-DBB3A6342D12}.Ad-Hoc|iPhone.Build.0 = Ad-Hoc|iPhone
		{8367CB21-07C9-4C22-B250-DBB3A6342D12}.Ad-Hoc|iPhoneSimulator.ActiveCfg = Ad-Hoc|iPhoneSimulator
		{8367CB21-07C9-4C22-B250-DBB3A6342D12}.Ad-Hoc|iPhoneSimulator.Build.0 = Ad-Hoc|iPhoneSimulator
		{8367CB21-07C9-4C22-B250-DBB3A6342D12}.Ad-Hoc|x64.ActiveCfg = Ad-Hoc|iPhone
		{8367CB21-07C9-4C22-B250-DBB3A6342D12}.Ad-Hoc|x86.ActiveCfg = Ad-Hoc|iPhone
		{8367CB21-07C9-4C22-B250-DBB3A6342D12}.AppStore|Any CPU.ActiveCfg = AppStore|iPhoneSimulator
		{8367CB21-07C9-4C22-B250-DBB3A6342D12}.AppStore|ARM.ActiveCfg = AppStore|iPhone
		{8367CB21-07C9-4C22-B250-DBB3A6342D12}.AppStore|iPhone.ActiveCfg = AppStore|iPhone
		{8367CB21-07C9-4C22-B250-DBB3A6342D12}.AppStore|iPhone.Build.0 = AppStore|iPhone
		{8367CB21-07C9-4C22-B250-DBB3A6342D12}.AppStore|iPhoneSimulator.ActiveCfg = AppStore|iPhoneSimulator
		{8367CB21-07C9-4C22-B250-DBB3A6342D12}.AppStore|iPhoneSimulator.Build.0 = AppStore|iPhoneSimulator
		{8367CB21-07C9-4C22-B250-DBB3A6342D12}.AppStore|x64.ActiveCfg = AppStore|iPhone
		{8367CB21-07C9-4C22-B250-DBB3A6342D12}.AppStore|x86.ActiveCfg = AppStore|iPhone
		{8367CB21-07C9-4C22-B250-DBB3A6342D12}.Debug|Any CPU.ActiveCfg = Debug|iPhoneSimulator
		{8367CB21-07C9-4C22-B250-DBB3A6342D12}.Debug|ARM.ActiveCfg = Debug|iPhone
		{8367CB21-07C9-4C22-B250-DBB3A6342D12}.Debug|iPhone.ActiveCfg = Debug|iPhone
		{8367CB21-07C9-4C22-B250-DBB3A6342D12}.Debug|iPhone.Build.0 = Debug|iPhone
		{8367CB21-07C9-4C22-B250-DBB3A6342D12}.Debug|iPhoneSimulator.ActiveCfg = Debug|iPhoneSimulator
		{8367CB21-07C9-4C22-B250-DBB3A6342D12}.Debug|iPhoneSimulator.Build.0 = Debug|iPhoneSimulator
		{8367CB21-07C9-4C22-B250-DBB3A6342D12}.Debug|x64.ActiveCfg = Debug|iPhone
		{8367CB21-07C9-4C22-B250-DBB3A6342D12}.Debug|x86.ActiveCfg = Debug|iPhone
		{8367CB21-07C9-4C22-B250-DBB3A6342D12}.Release|Any CPU.ActiveCfg = Release|iPhoneSimulator
		{8367CB21-07C9-4C22-B250-DBB3A6342D12}.Release|ARM.ActiveCfg = Release|iPhone
		{8367CB21-07C9-4C22-B250-DBB3A6342D12}.Release|iPhone.ActiveCfg = Release|iPhone
		{8367CB21-07C9-4C22-B250-DBB3A6342D12}.Release|iPhone.Build.0 = Release|iPhone
		{8367CB21-07C9-4C22-B250-DBB3A6342D12}.Release|iPhoneSimulator.ActiveCfg = Release|iPhoneSimulator
		{8367CB21-07C9-4C22-B250-DBB3A6342D12}.Release|iPhoneSimulator.Build.0 = Release|iPhoneSimulator
		{8367CB21-07C9-4C22-B250-DBB3A6342D12}.Release|x64.ActiveCfg = Release|iPhone
		{8367CB21-07C9-4C22-B250-DBB3A6342D12}.Release|x86.ActiveCfg = Release|iPhone
	EndGlobalSection
	GlobalSection(SolutionProperties) = preSolution
		HideSolutionNode = FALSE
	EndGlobalSection
	GlobalSection(ExtensibilityGlobals) = postSolution
		SolutionGuid = {1B167B9D-5092-494D-B06B-593340C493A6}
	EndGlobalSection
EndGlobal
